// !$*UTF8*$!
{
	archiveVersion = 1;
	classes = {
	};
	objectVersion = 50;
	objects = {

/* Begin PBXBuildFile section */
		5C0928FF238016EA004C94C7 /* AppDelegate.swift in Sources */ = {isa = PBXBuildFile; fileRef = 5C0928FE238016EA004C94C7 /* AppDelegate.swift */; };
		5C092901238016EA004C94C7 /* SceneDelegate.swift in Sources */ = {isa = PBXBuildFile; fileRef = 5C092900238016EA004C94C7 /* SceneDelegate.swift */; };
		5C092903238016EA004C94C7 /* SearchViewController.swift in Sources */ = {isa = PBXBuildFile; fileRef = 5C092902238016EA004C94C7 /* SearchViewController.swift */; };
		5C092916238016EC004C94C7 /* RecipeSearchTests.swift in Sources */ = {isa = PBXBuildFile; fileRef = 5C092915238016EC004C94C7 /* RecipeSearchTests.swift */; };
		5C092921238016EC004C94C7 /* RecipeSearchUITests.swift in Sources */ = {isa = PBXBuildFile; fileRef = 5C092920238016EC004C94C7 /* RecipeSearchUITests.swift */; };
		5C0929AA23802412004C94C7 /* Alamofire.framework in Frameworks */ = {isa = PBXBuildFile; fileRef = 5C0929A923802412004C94C7 /* Alamofire.framework */; };
		5C092A07238041D2004C94C7 /* EdamamRequest.swift in Sources */ = {isa = PBXBuildFile; fileRef = 5C0929FA238041D2004C94C7 /* EdamamRequest.swift */; };
		5C092A08238041D2004C94C7 /* EdamamRequest.swift in Sources */ = {isa = PBXBuildFile; fileRef = 5C0929FA238041D2004C94C7 /* EdamamRequest.swift */; };
		5C092A09238041D2004C94C7 /* EdamamRequest.swift in Sources */ = {isa = PBXBuildFile; fileRef = 5C0929FA238041D2004C94C7 /* EdamamRequest.swift */; };
		5C092A0A238041D2004C94C7 /* RequestProtocol.swift in Sources */ = {isa = PBXBuildFile; fileRef = 5C0929FB238041D2004C94C7 /* RequestProtocol.swift */; };
		5C092A0B238041D2004C94C7 /* RequestProtocol.swift in Sources */ = {isa = PBXBuildFile; fileRef = 5C0929FB238041D2004C94C7 /* RequestProtocol.swift */; };
		5C092A0C238041D2004C94C7 /* RequestProtocol.swift in Sources */ = {isa = PBXBuildFile; fileRef = 5C0929FB238041D2004C94C7 /* RequestProtocol.swift */; };
		5C092A20238041E9004C94C7 /* UIViewController+ErrorHandling.swift in Sources */ = {isa = PBXBuildFile; fileRef = 5C092A1F238041E9004C94C7 /* UIViewController+ErrorHandling.swift */; };
		5C092A21238041E9004C94C7 /* UIViewController+ErrorHandling.swift in Sources */ = {isa = PBXBuildFile; fileRef = 5C092A1F238041E9004C94C7 /* UIViewController+ErrorHandling.swift */; };
		5C092A22238041E9004C94C7 /* UIViewController+ErrorHandling.swift in Sources */ = {isa = PBXBuildFile; fileRef = 5C092A1F238041E9004C94C7 /* UIViewController+ErrorHandling.swift */; };
		5C092A2723804246004C94C7 /* DataProviderProtocol.swift in Sources */ = {isa = PBXBuildFile; fileRef = 5C092A2323804245004C94C7 /* DataProviderProtocol.swift */; };
		5C092A2823804246004C94C7 /* DataProviderProtocol.swift in Sources */ = {isa = PBXBuildFile; fileRef = 5C092A2323804245004C94C7 /* DataProviderProtocol.swift */; };
		5C092A2923804246004C94C7 /* DataProviderProtocol.swift in Sources */ = {isa = PBXBuildFile; fileRef = 5C092A2323804245004C94C7 /* DataProviderProtocol.swift */; };
		5C092A2A23804246004C94C7 /* JsonParser.swift in Sources */ = {isa = PBXBuildFile; fileRef = 5C092A2423804245004C94C7 /* JsonParser.swift */; };
		5C092A2B23804246004C94C7 /* JsonParser.swift in Sources */ = {isa = PBXBuildFile; fileRef = 5C092A2423804245004C94C7 /* JsonParser.swift */; };
		5C092A2C23804246004C94C7 /* JsonParser.swift in Sources */ = {isa = PBXBuildFile; fileRef = 5C092A2423804245004C94C7 /* JsonParser.swift */; };
		5C092A2D23804246004C94C7 /* NetworkManager.swift in Sources */ = {isa = PBXBuildFile; fileRef = 5C092A2523804245004C94C7 /* NetworkManager.swift */; };
		5C092A2E23804246004C94C7 /* NetworkManager.swift in Sources */ = {isa = PBXBuildFile; fileRef = 5C092A2523804245004C94C7 /* NetworkManager.swift */; };
		5C092A2F23804246004C94C7 /* NetworkManager.swift in Sources */ = {isa = PBXBuildFile; fileRef = 5C092A2523804245004C94C7 /* NetworkManager.swift */; };
		5C092A3023804246004C94C7 /* NetworkError.swift in Sources */ = {isa = PBXBuildFile; fileRef = 5C092A2623804245004C94C7 /* NetworkError.swift */; };
		5C092A3123804246004C94C7 /* NetworkError.swift in Sources */ = {isa = PBXBuildFile; fileRef = 5C092A2623804245004C94C7 /* NetworkError.swift */; };
		5C092A3223804246004C94C7 /* NetworkError.swift in Sources */ = {isa = PBXBuildFile; fileRef = 5C092A2623804245004C94C7 /* NetworkError.swift */; };
		5C092A35238042A3004C94C7 /* NetworkMockingManager.swift in Sources */ = {isa = PBXBuildFile; fileRef = 5C092A33238042A3004C94C7 /* NetworkMockingManager.swift */; };
		5C092A3A238043BA004C94C7 /* Alamofire.framework in Frameworks */ = {isa = PBXBuildFile; fileRef = 5C0929A923802412004C94C7 /* Alamofire.framework */; };
		5C092A3B238043DC004C94C7 /* Alamofire.framework in Frameworks */ = {isa = PBXBuildFile; fileRef = 5C0929A923802412004C94C7 /* Alamofire.framework */; };
		5C092A40238045C8004C94C7 /* LaunchScreen.storyboard in Resources */ = {isa = PBXBuildFile; fileRef = 5C092A3D238045C7004C94C7 /* LaunchScreen.storyboard */; };
		5C092A41238045C8004C94C7 /* LaunchScreen.storyboard in Resources */ = {isa = PBXBuildFile; fileRef = 5C092A3D238045C7004C94C7 /* LaunchScreen.storyboard */; };
		5C092A42238045C8004C94C7 /* LaunchScreen.storyboard in Resources */ = {isa = PBXBuildFile; fileRef = 5C092A3D238045C7004C94C7 /* LaunchScreen.storyboard */; };
		5C092A43238045C8004C94C7 /* Main.storyboard in Resources */ = {isa = PBXBuildFile; fileRef = 5C092A3E238045C7004C94C7 /* Main.storyboard */; };
		5C092A44238045C8004C94C7 /* Main.storyboard in Resources */ = {isa = PBXBuildFile; fileRef = 5C092A3E238045C7004C94C7 /* Main.storyboard */; };
		5C092A45238045C8004C94C7 /* Main.storyboard in Resources */ = {isa = PBXBuildFile; fileRef = 5C092A3E238045C7004C94C7 /* Main.storyboard */; };
		5C092A46238045C8004C94C7 /* Assets.xcassets in Resources */ = {isa = PBXBuildFile; fileRef = 5C092A3F238045C8004C94C7 /* Assets.xcassets */; };
		5C092A47238045C8004C94C7 /* Assets.xcassets in Resources */ = {isa = PBXBuildFile; fileRef = 5C092A3F238045C8004C94C7 /* Assets.xcassets */; };
		5C092A48238045C8004C94C7 /* Assets.xcassets in Resources */ = {isa = PBXBuildFile; fileRef = 5C092A3F238045C8004C94C7 /* Assets.xcassets */; };
		5C092A4A238045E2004C94C7 /* UIColor+Custom.swift in Sources */ = {isa = PBXBuildFile; fileRef = 5C092A49238045E2004C94C7 /* UIColor+Custom.swift */; };
		5C092A4B238045E2004C94C7 /* UIColor+Custom.swift in Sources */ = {isa = PBXBuildFile; fileRef = 5C092A49238045E2004C94C7 /* UIColor+Custom.swift */; };
		5C092A4C238045E2004C94C7 /* UIColor+Custom.swift in Sources */ = {isa = PBXBuildFile; fileRef = 5C092A49238045E2004C94C7 /* UIColor+Custom.swift */; };
		5C092A50238046C1004C94C7 /* EdamamSearchResponse.swift in Sources */ = {isa = PBXBuildFile; fileRef = 5C092A4D238046C1004C94C7 /* EdamamSearchResponse.swift */; };
		5C092A51238046C1004C94C7 /* EdamamSearchResponse.swift in Sources */ = {isa = PBXBuildFile; fileRef = 5C092A4D238046C1004C94C7 /* EdamamSearchResponse.swift */; };
		5C092A52238046C1004C94C7 /* EdamamSearchResponse.swift in Sources */ = {isa = PBXBuildFile; fileRef = 5C092A4D238046C1004C94C7 /* EdamamSearchResponse.swift */; };
		5C092A53238046C1004C94C7 /* RecipeProtocol.swift in Sources */ = {isa = PBXBuildFile; fileRef = 5C092A4E238046C1004C94C7 /* RecipeProtocol.swift */; };
		5C092A54238046C1004C94C7 /* RecipeProtocol.swift in Sources */ = {isa = PBXBuildFile; fileRef = 5C092A4E238046C1004C94C7 /* RecipeProtocol.swift */; };
		5C092A55238046C1004C94C7 /* RecipeProtocol.swift in Sources */ = {isa = PBXBuildFile; fileRef = 5C092A4E238046C1004C94C7 /* RecipeProtocol.swift */; };
		5C092A5B23805E3B004C94C7 /* ResponseProtocol.swift in Sources */ = {isa = PBXBuildFile; fileRef = 5C092A5A23805E3B004C94C7 /* ResponseProtocol.swift */; };
		5C092A5C23805E3B004C94C7 /* ResponseProtocol.swift in Sources */ = {isa = PBXBuildFile; fileRef = 5C092A5A23805E3B004C94C7 /* ResponseProtocol.swift */; };
		5C092A5D23805E3B004C94C7 /* ResponseProtocol.swift in Sources */ = {isa = PBXBuildFile; fileRef = 5C092A5A23805E3B004C94C7 /* ResponseProtocol.swift */; };
		5C092A5F23805EF4004C94C7 /* EdamamRecipe.swift in Sources */ = {isa = PBXBuildFile; fileRef = 5C092A5E23805EF4004C94C7 /* EdamamRecipe.swift */; };
		5C092A6023805EF4004C94C7 /* EdamamRecipe.swift in Sources */ = {isa = PBXBuildFile; fileRef = 5C092A5E23805EF4004C94C7 /* EdamamRecipe.swift */; };
		5C092A6123805EF4004C94C7 /* EdamamRecipe.swift in Sources */ = {isa = PBXBuildFile; fileRef = 5C092A5E23805EF4004C94C7 /* EdamamRecipe.swift */; };
		5C092A63238086E7004C94C7 /* RecipesPresenter.swift in Sources */ = {isa = PBXBuildFile; fileRef = 5C092A62238086E7004C94C7 /* RecipesPresenter.swift */; };
		5C092A64238086E7004C94C7 /* RecipesPresenter.swift in Sources */ = {isa = PBXBuildFile; fileRef = 5C092A62238086E7004C94C7 /* RecipesPresenter.swift */; };
		5C092A65238086E7004C94C7 /* RecipesPresenter.swift in Sources */ = {isa = PBXBuildFile; fileRef = 5C092A62238086E7004C94C7 /* RecipesPresenter.swift */; };
		5C092A67238086F8004C94C7 /* RecipesInteractor.swift in Sources */ = {isa = PBXBuildFile; fileRef = 5C092A66238086F8004C94C7 /* RecipesInteractor.swift */; };
		5C092A68238086F8004C94C7 /* RecipesInteractor.swift in Sources */ = {isa = PBXBuildFile; fileRef = 5C092A66238086F8004C94C7 /* RecipesInteractor.swift */; };
		5C092A69238086F8004C94C7 /* RecipesInteractor.swift in Sources */ = {isa = PBXBuildFile; fileRef = 5C092A66238086F8004C94C7 /* RecipesInteractor.swift */; };
		5C092A6D2380A25D004C94C7 /* RecipeTableViewCell.swift in Sources */ = {isa = PBXBuildFile; fileRef = 5C092A6B2380A25D004C94C7 /* RecipeTableViewCell.swift */; };
		5C092A6E2380A25D004C94C7 /* RecipeTableViewCell.swift in Sources */ = {isa = PBXBuildFile; fileRef = 5C092A6B2380A25D004C94C7 /* RecipeTableViewCell.swift */; };
		5C092A6F2380A25D004C94C7 /* RecipeTableViewCell.swift in Sources */ = {isa = PBXBuildFile; fileRef = 5C092A6B2380A25D004C94C7 /* RecipeTableViewCell.swift */; };
		5C092A702380A25D004C94C7 /* RecipeTableViewCell.xib in Resources */ = {isa = PBXBuildFile; fileRef = 5C092A6C2380A25D004C94C7 /* RecipeTableViewCell.xib */; };
		5C092A712380A25D004C94C7 /* RecipeTableViewCell.xib in Resources */ = {isa = PBXBuildFile; fileRef = 5C092A6C2380A25D004C94C7 /* RecipeTableViewCell.xib */; };
		5C092A722380A25D004C94C7 /* RecipeTableViewCell.xib in Resources */ = {isa = PBXBuildFile; fileRef = 5C092A6C2380A25D004C94C7 /* RecipeTableViewCell.xib */; };
		5C092A742380A938004C94C7 /* SDWebImage.framework in Frameworks */ = {isa = PBXBuildFile; fileRef = 5C092A732380A938004C94C7 /* SDWebImage.framework */; };
		5C092A752380A942004C94C7 /* SDWebImage.framework in Frameworks */ = {isa = PBXBuildFile; fileRef = 5C092A732380A938004C94C7 /* SDWebImage.framework */; };
		5C092A762380A948004C94C7 /* SDWebImage.framework in Frameworks */ = {isa = PBXBuildFile; fileRef = 5C092A732380A938004C94C7 /* SDWebImage.framework */; };
		5C092A782380AC34004C94C7 /* UIViewController+Loading.swift in Sources */ = {isa = PBXBuildFile; fileRef = 5C092A772380AC34004C94C7 /* UIViewController+Loading.swift */; };
		5C092A792380AC34004C94C7 /* UIViewController+Loading.swift in Sources */ = {isa = PBXBuildFile; fileRef = 5C092A772380AC34004C94C7 /* UIViewController+Loading.swift */; };
		5C092A7A2380AC34004C94C7 /* UIViewController+Loading.swift in Sources */ = {isa = PBXBuildFile; fileRef = 5C092A772380AC34004C94C7 /* UIViewController+Loading.swift */; };
/* End PBXBuildFile section */

/* Begin PBXContainerItemProxy section */
		5C092912238016EC004C94C7 /* PBXContainerItemProxy */ = {
			isa = PBXContainerItemProxy;
			containerPortal = 5C0928F3238016EA004C94C7 /* Project object */;
			proxyType = 1;
			remoteGlobalIDString = 5C0928FA238016EA004C94C7;
			remoteInfo = RecipeSearch;
		};
		5C09291D238016EC004C94C7 /* PBXContainerItemProxy */ = {
			isa = PBXContainerItemProxy;
			containerPortal = 5C0928F3238016EA004C94C7 /* Project object */;
			proxyType = 1;
			remoteGlobalIDString = 5C0928FA238016EA004C94C7;
			remoteInfo = RecipeSearch;
		};
/* End PBXContainerItemProxy section */

/* Begin PBXFileReference section */
		5C0928FB238016EA004C94C7 /* RecipeSearch.app */ = {isa = PBXFileReference; explicitFileType = wrapper.application; includeInIndex = 0; path = RecipeSearch.app; sourceTree = BUILT_PRODUCTS_DIR; };
		5C0928FE238016EA004C94C7 /* AppDelegate.swift */ = {isa = PBXFileReference; lastKnownFileType = sourcecode.swift; path = AppDelegate.swift; sourceTree = "<group>"; };
		5C092900238016EA004C94C7 /* SceneDelegate.swift */ = {isa = PBXFileReference; lastKnownFileType = sourcecode.swift; path = SceneDelegate.swift; sourceTree = "<group>"; };
		5C092902238016EA004C94C7 /* SearchViewController.swift */ = {isa = PBXFileReference; lastKnownFileType = sourcecode.swift; path = SearchViewController.swift; sourceTree = "<group>"; };
		5C09290C238016EB004C94C7 /* Info.plist */ = {isa = PBXFileReference; lastKnownFileType = text.plist.xml; path = Info.plist; sourceTree = "<group>"; };
		5C092911238016EC004C94C7 /* RecipeSearchTests.xctest */ = {isa = PBXFileReference; explicitFileType = wrapper.cfbundle; includeInIndex = 0; path = RecipeSearchTests.xctest; sourceTree = BUILT_PRODUCTS_DIR; };
		5C092915238016EC004C94C7 /* RecipeSearchTests.swift */ = {isa = PBXFileReference; lastKnownFileType = sourcecode.swift; path = RecipeSearchTests.swift; sourceTree = "<group>"; };
		5C092917238016EC004C94C7 /* Info.plist */ = {isa = PBXFileReference; lastKnownFileType = text.plist.xml; path = Info.plist; sourceTree = "<group>"; };
		5C09291C238016EC004C94C7 /* RecipeSearchUITests.xctest */ = {isa = PBXFileReference; explicitFileType = wrapper.cfbundle; includeInIndex = 0; path = RecipeSearchUITests.xctest; sourceTree = BUILT_PRODUCTS_DIR; };
		5C092920238016EC004C94C7 /* RecipeSearchUITests.swift */ = {isa = PBXFileReference; lastKnownFileType = sourcecode.swift; path = RecipeSearchUITests.swift; sourceTree = "<group>"; };
		5C092922238016EC004C94C7 /* Info.plist */ = {isa = PBXFileReference; lastKnownFileType = text.plist.xml; path = Info.plist; sourceTree = "<group>"; };
		5C0929A923802412004C94C7 /* Alamofire.framework */ = {isa = PBXFileReference; lastKnownFileType = wrapper.framework; name = Alamofire.framework; path = Carthage/Build/iOS/Alamofire.framework; sourceTree = "<group>"; };
		5C0929FA238041D2004C94C7 /* EdamamRequest.swift */ = {isa = PBXFileReference; fileEncoding = 4; lastKnownFileType = sourcecode.swift; path = EdamamRequest.swift; sourceTree = "<group>"; };
		5C0929FB238041D2004C94C7 /* RequestProtocol.swift */ = {isa = PBXFileReference; fileEncoding = 4; lastKnownFileType = sourcecode.swift; path = RequestProtocol.swift; sourceTree = "<group>"; };
		5C092A1F238041E9004C94C7 /* UIViewController+ErrorHandling.swift */ = {isa = PBXFileReference; fileEncoding = 4; lastKnownFileType = sourcecode.swift; name = "UIViewController+ErrorHandling.swift"; path = "RecipeSearch/UIViewController+ErrorHandling.swift"; sourceTree = SOURCE_ROOT; };
		5C092A2323804245004C94C7 /* DataProviderProtocol.swift */ = {isa = PBXFileReference; fileEncoding = 4; lastKnownFileType = sourcecode.swift; path = DataProviderProtocol.swift; sourceTree = "<group>"; };
		5C092A2423804245004C94C7 /* JsonParser.swift */ = {isa = PBXFileReference; fileEncoding = 4; lastKnownFileType = sourcecode.swift; path = JsonParser.swift; sourceTree = "<group>"; };
		5C092A2523804245004C94C7 /* NetworkManager.swift */ = {isa = PBXFileReference; fileEncoding = 4; lastKnownFileType = sourcecode.swift; path = NetworkManager.swift; sourceTree = "<group>"; };
		5C092A2623804245004C94C7 /* NetworkError.swift */ = {isa = PBXFileReference; fileEncoding = 4; lastKnownFileType = sourcecode.swift; path = NetworkError.swift; sourceTree = "<group>"; };
		5C092A33238042A3004C94C7 /* NetworkMockingManager.swift */ = {isa = PBXFileReference; fileEncoding = 4; lastKnownFileType = sourcecode.swift; path = NetworkMockingManager.swift; sourceTree = "<group>"; };
		5C092A3723804328004C94C7 /* Alamofire.framework.dSYM */ = {isa = PBXFileReference; lastKnownFileType = wrapper.dsym; name = Alamofire.framework.dSYM; path = Carthage/Build/iOS/Alamofire.framework.dSYM; sourceTree = "<group>"; };
		5C092A3D238045C7004C94C7 /* LaunchScreen.storyboard */ = {isa = PBXFileReference; fileEncoding = 4; lastKnownFileType = file.storyboard; path = LaunchScreen.storyboard; sourceTree = "<group>"; };
		5C092A3E238045C7004C94C7 /* Main.storyboard */ = {isa = PBXFileReference; fileEncoding = 4; lastKnownFileType = file.storyboard; path = Main.storyboard; sourceTree = "<group>"; };
		5C092A3F238045C8004C94C7 /* Assets.xcassets */ = {isa = PBXFileReference; lastKnownFileType = folder.assetcatalog; path = Assets.xcassets; sourceTree = "<group>"; };
		5C092A49238045E2004C94C7 /* UIColor+Custom.swift */ = {isa = PBXFileReference; fileEncoding = 4; lastKnownFileType = sourcecode.swift; path = "UIColor+Custom.swift"; sourceTree = "<group>"; };
		5C092A4D238046C1004C94C7 /* EdamamSearchResponse.swift */ = {isa = PBXFileReference; fileEncoding = 4; lastKnownFileType = sourcecode.swift; path = EdamamSearchResponse.swift; sourceTree = "<group>"; };
		5C092A4E238046C1004C94C7 /* RecipeProtocol.swift */ = {isa = PBXFileReference; fileEncoding = 4; lastKnownFileType = sourcecode.swift; path = RecipeProtocol.swift; sourceTree = "<group>"; };
		5C092A5A23805E3B004C94C7 /* ResponseProtocol.swift */ = {isa = PBXFileReference; fileEncoding = 4; lastKnownFileType = sourcecode.swift; path = ResponseProtocol.swift; sourceTree = "<group>"; };
		5C092A5E23805EF4004C94C7 /* EdamamRecipe.swift */ = {isa = PBXFileReference; fileEncoding = 4; lastKnownFileType = sourcecode.swift; path = EdamamRecipe.swift; sourceTree = "<group>"; };
		5C092A62238086E7004C94C7 /* RecipesPresenter.swift */ = {isa = PBXFileReference; lastKnownFileType = sourcecode.swift; path = RecipesPresenter.swift; sourceTree = "<group>"; };
		5C092A66238086F8004C94C7 /* RecipesInteractor.swift */ = {isa = PBXFileReference; lastKnownFileType = sourcecode.swift; path = RecipesInteractor.swift; sourceTree = "<group>"; };
		5C092A6B2380A25D004C94C7 /* RecipeTableViewCell.swift */ = {isa = PBXFileReference; lastKnownFileType = sourcecode.swift; path = RecipeTableViewCell.swift; sourceTree = "<group>"; };
		5C092A6C2380A25D004C94C7 /* RecipeTableViewCell.xib */ = {isa = PBXFileReference; lastKnownFileType = file.xib; path = RecipeTableViewCell.xib; sourceTree = "<group>"; };
		5C092A732380A938004C94C7 /* SDWebImage.framework */ = {isa = PBXFileReference; lastKnownFileType = wrapper.framework; name = SDWebImage.framework; path = Carthage/Build/iOS/SDWebImage.framework; sourceTree = "<group>"; };
		5C092A772380AC34004C94C7 /* UIViewController+Loading.swift */ = {isa = PBXFileReference; lastKnownFileType = sourcecode.swift; path = "UIViewController+Loading.swift"; sourceTree = "<group>"; };
/* End PBXFileReference section */

/* Begin PBXFrameworksBuildPhase section */
		5C0928F8238016EA004C94C7 /* Frameworks */ = {
			isa = PBXFrameworksBuildPhase;
			buildActionMask = 2147483647;
			files = (
				5C0929AA23802412004C94C7 /* Alamofire.framework in Frameworks */,
				5C092A742380A938004C94C7 /* SDWebImage.framework in Frameworks */,
			);
			runOnlyForDeploymentPostprocessing = 0;
		};
		5C09290E238016EC004C94C7 /* Frameworks */ = {
			isa = PBXFrameworksBuildPhase;
			buildActionMask = 2147483647;
			files = (
				5C092A3A238043BA004C94C7 /* Alamofire.framework in Frameworks */,
				5C092A752380A942004C94C7 /* SDWebImage.framework in Frameworks */,
			);
			runOnlyForDeploymentPostprocessing = 0;
		};
		5C092919238016EC004C94C7 /* Frameworks */ = {
			isa = PBXFrameworksBuildPhase;
			buildActionMask = 2147483647;
			files = (
				5C092A3B238043DC004C94C7 /* Alamofire.framework in Frameworks */,
				5C092A762380A948004C94C7 /* SDWebImage.framework in Frameworks */,
			);
			runOnlyForDeploymentPostprocessing = 0;
		};
/* End PBXFrameworksBuildPhase section */

/* Begin PBXGroup section */
		5C0928F2238016EA004C94C7 = {
			isa = PBXGroup;
			children = (
				5C0928FD238016EA004C94C7 /* RecipeSearch */,
				5C092914238016EC004C94C7 /* RecipeSearchTests */,
				5C09291F238016EC004C94C7 /* RecipeSearchUITests */,
				5C0928FC238016EA004C94C7 /* Products */,
				5C0929A823802412004C94C7 /* Frameworks */,
			);
			sourceTree = "<group>";
		};
		5C0928FC238016EA004C94C7 /* Products */ = {
			isa = PBXGroup;
			children = (
				5C0928FB238016EA004C94C7 /* RecipeSearch.app */,
				5C092911238016EC004C94C7 /* RecipeSearchTests.xctest */,
				5C09291C238016EC004C94C7 /* RecipeSearchUITests.xctest */,
			);
			name = Products;
			sourceTree = "<group>";
		};
		5C0928FD238016EA004C94C7 /* RecipeSearch */ = {
			isa = PBXGroup;
			children = (
				5C09290C238016EB004C94C7 /* Info.plist */,
				5C0928FE238016EA004C94C7 /* AppDelegate.swift */,
				5C092900238016EA004C94C7 /* SceneDelegate.swift */,
				5C092A06238041D2004C94C7 /* Assets */,
				5C0929F7238041D2004C94C7 /* Core */,
				5C0929FD238041D2004C94C7 /* Interactors */,
				5C0929FF238041D2004C94C7 /* Models */,
				5C092A03238041D2004C94C7 /* Presenters */,
				5C09298C23801B1E004C94C7 /* ViewControllers */,
			);
			path = RecipeSearch;
			sourceTree = "<group>";
		};
		5C092914238016EC004C94C7 /* RecipeSearchTests */ = {
			isa = PBXGroup;
			children = (
				5C092A33238042A3004C94C7 /* NetworkMockingManager.swift */,
				5C092915238016EC004C94C7 /* RecipeSearchTests.swift */,
				5C092917238016EC004C94C7 /* Info.plist */,
			);
			path = RecipeSearchTests;
			sourceTree = "<group>";
		};
		5C09291F238016EC004C94C7 /* RecipeSearchUITests */ = {
			isa = PBXGroup;
			children = (
				5C092920238016EC004C94C7 /* RecipeSearchUITests.swift */,
				5C092922238016EC004C94C7 /* Info.plist */,
			);
			path = RecipeSearchUITests;
			sourceTree = "<group>";
		};
		5C09298C23801B1E004C94C7 /* ViewControllers */ = {
			isa = PBXGroup;
			children = (
				5C092A1F238041E9004C94C7 /* UIViewController+ErrorHandling.swift */,
				5C092A772380AC34004C94C7 /* UIViewController+Loading.swift */,
				5C092902238016EA004C94C7 /* SearchViewController.swift */,
				5C092A6A2380A248004C94C7 /* Cells */,
			);
			path = ViewControllers;
			sourceTree = "<group>";
		};
		5C0929A823802412004C94C7 /* Frameworks */ = {
			isa = PBXGroup;
			children = (
				5C092A732380A938004C94C7 /* SDWebImage.framework */,
				5C092A3723804328004C94C7 /* Alamofire.framework.dSYM */,
				5C0929A923802412004C94C7 /* Alamofire.framework */,
			);
			name = Frameworks;
			sourceTree = "<group>";
		};
		5C0929F7238041D2004C94C7 /* Core */ = {
			isa = PBXGroup;
			children = (
				5C0929F8238041D2004C94C7 /* Network */,
				5C0929FC238041D2004C94C7 /* Utilities */,
			);
			path = Core;
			sourceTree = "<group>";
		};
		5C0929F8238041D2004C94C7 /* Network */ = {
			isa = PBXGroup;
			children = (
				5C092A2323804245004C94C7 /* DataProviderProtocol.swift */,
				5C092A2423804245004C94C7 /* JsonParser.swift */,
				5C092A2623804245004C94C7 /* NetworkError.swift */,
				5C092A2523804245004C94C7 /* NetworkManager.swift */,
				5C0929F9238041D2004C94C7 /* Requests */,
			);
			path = Network;
			sourceTree = "<group>";
		};
		5C0929F9238041D2004C94C7 /* Requests */ = {
			isa = PBXGroup;
			children = (
				5C0929FA238041D2004C94C7 /* EdamamRequest.swift */,
				5C0929FB238041D2004C94C7 /* RequestProtocol.swift */,
			);
			path = Requests;
			sourceTree = "<group>";
		};
		5C0929FC238041D2004C94C7 /* Utilities */ = {
			isa = PBXGroup;
			children = (
				5C092A49238045E2004C94C7 /* UIColor+Custom.swift */,
			);
			path = Utilities;
			sourceTree = "<group>";
		};
		5C0929FD238041D2004C94C7 /* Interactors */ = {
			isa = PBXGroup;
			children = (
				5C092A66238086F8004C94C7 /* RecipesInteractor.swift */,
			);
			path = Interactors;
			sourceTree = "<group>";
		};
		5C0929FF238041D2004C94C7 /* Models */ = {
			isa = PBXGroup;
			children = (
				5C092A5923805DFE004C94C7 /* Protocols */,
				5C092A4D238046C1004C94C7 /* EdamamSearchResponse.swift */,
				5C092A5E23805EF4004C94C7 /* EdamamRecipe.swift */,
			);
			path = Models;
			sourceTree = "<group>";
		};
		5C092A03238041D2004C94C7 /* Presenters */ = {
			isa = PBXGroup;
			children = (
				5C092A62238086E7004C94C7 /* RecipesPresenter.swift */,
			);
			path = Presenters;
			sourceTree = "<group>";
		};
		5C092A06238041D2004C94C7 /* Assets */ = {
			isa = PBXGroup;
			children = (
				5C092A3F238045C8004C94C7 /* Assets.xcassets */,
				5C092A3D238045C7004C94C7 /* LaunchScreen.storyboard */,
				5C092A3E238045C7004C94C7 /* Main.storyboard */,
			);
			path = Assets;
			sourceTree = "<group>";
		};
		5C092A5923805DFE004C94C7 /* Protocols */ = {
			isa = PBXGroup;
			children = (
				5C092A4E238046C1004C94C7 /* RecipeProtocol.swift */,
				5C092A5A23805E3B004C94C7 /* ResponseProtocol.swift */,
			);
			path = Protocols;
			sourceTree = "<group>";
		};
		5C092A6A2380A248004C94C7 /* Cells */ = {
			isa = PBXGroup;
			children = (
				5C092A6B2380A25D004C94C7 /* RecipeTableViewCell.swift */,
				5C092A6C2380A25D004C94C7 /* RecipeTableViewCell.xib */,
			);
			path = Cells;
			sourceTree = "<group>";
		};
/* End PBXGroup section */

/* Begin PBXNativeTarget section */
		5C0928FA238016EA004C94C7 /* RecipeSearch */ = {
			isa = PBXNativeTarget;
			buildConfigurationList = 5C092925238016EC004C94C7 /* Build configuration list for PBXNativeTarget "RecipeSearch" */;
			buildPhases = (
				5C0928F7238016EA004C94C7 /* Sources */,
				5C0928F8238016EA004C94C7 /* Frameworks */,
				5C0928F9238016EA004C94C7 /* Resources */,
				5C0929AB23802A21004C94C7 /* ShellScript */,
			);
			buildRules = (
			);
			dependencies = (
			);
			name = RecipeSearch;
			productName = RecipeSearch;
			productReference = 5C0928FB238016EA004C94C7 /* RecipeSearch.app */;
			productType = "com.apple.product-type.application";
		};
		5C092910238016EC004C94C7 /* RecipeSearchTests */ = {
			isa = PBXNativeTarget;
			buildConfigurationList = 5C092928238016EC004C94C7 /* Build configuration list for PBXNativeTarget "RecipeSearchTests" */;
			buildPhases = (
				5C09290D238016EC004C94C7 /* Sources */,
				5C09290E238016EC004C94C7 /* Frameworks */,
				5C09290F238016EC004C94C7 /* Resources */,
				5C092A3923804345004C94C7 /* ShellScript */,
			);
			buildRules = (
			);
			dependencies = (
				5C092913238016EC004C94C7 /* PBXTargetDependency */,
			);
			name = RecipeSearchTests;
			productName = RecipeSearchTests;
			productReference = 5C092911238016EC004C94C7 /* RecipeSearchTests.xctest */;
			productType = "com.apple.product-type.bundle.unit-test";
		};
		5C09291B238016EC004C94C7 /* RecipeSearchUITests */ = {
			isa = PBXNativeTarget;
			buildConfigurationList = 5C09292B238016EC004C94C7 /* Build configuration list for PBXNativeTarget "RecipeSearchUITests" */;
			buildPhases = (
				5C092918238016EC004C94C7 /* Sources */,
				5C092919238016EC004C94C7 /* Frameworks */,
				5C09291A238016EC004C94C7 /* Resources */,
				5C092A3C238043EA004C94C7 /* ShellScript */,
			);
			buildRules = (
			);
			dependencies = (
				5C09291E238016EC004C94C7 /* PBXTargetDependency */,
			);
			name = RecipeSearchUITests;
			productName = RecipeSearchUITests;
			productReference = 5C09291C238016EC004C94C7 /* RecipeSearchUITests.xctest */;
			productType = "com.apple.product-type.bundle.ui-testing";
		};
/* End PBXNativeTarget section */

/* Begin PBXProject section */
		5C0928F3238016EA004C94C7 /* Project object */ = {
			isa = PBXProject;
			attributes = {
				LastSwiftUpdateCheck = 1110;
				LastUpgradeCheck = 1110;
				ORGANIZATIONNAME = "Mohamed Hassan";
				TargetAttributes = {
					5C0928FA238016EA004C94C7 = {
						CreatedOnToolsVersion = 11.1;
					};
					5C092910238016EC004C94C7 = {
						CreatedOnToolsVersion = 11.1;
						TestTargetID = 5C0928FA238016EA004C94C7;
					};
					5C09291B238016EC004C94C7 = {
						CreatedOnToolsVersion = 11.1;
						TestTargetID = 5C0928FA238016EA004C94C7;
					};
				};
			};
			buildConfigurationList = 5C0928F6238016EA004C94C7 /* Build configuration list for PBXProject "RecipeSearch" */;
			compatibilityVersion = "Xcode 9.3";
			developmentRegion = en;
			hasScannedForEncodings = 0;
			knownRegions = (
				en,
				Base,
			);
			mainGroup = 5C0928F2238016EA004C94C7;
			productRefGroup = 5C0928FC238016EA004C94C7 /* Products */;
			projectDirPath = "";
			projectRoot = "";
			targets = (
				5C0928FA238016EA004C94C7 /* RecipeSearch */,
				5C092910238016EC004C94C7 /* RecipeSearchTests */,
				5C09291B238016EC004C94C7 /* RecipeSearchUITests */,
			);
		};
/* End PBXProject section */

/* Begin PBXResourcesBuildPhase section */
		5C0928F9238016EA004C94C7 /* Resources */ = {
			isa = PBXResourcesBuildPhase;
			buildActionMask = 2147483647;
			files = (
				5C092A40238045C8004C94C7 /* LaunchScreen.storyboard in Resources */,
				5C092A46238045C8004C94C7 /* Assets.xcassets in Resources */,
				5C092A43238045C8004C94C7 /* Main.storyboard in Resources */,
				5C092A702380A25D004C94C7 /* RecipeTableViewCell.xib in Resources */,
			);
			runOnlyForDeploymentPostprocessing = 0;
		};
		5C09290F238016EC004C94C7 /* Resources */ = {
			isa = PBXResourcesBuildPhase;
			buildActionMask = 2147483647;
			files = (
				5C092A41238045C8004C94C7 /* LaunchScreen.storyboard in Resources */,
				5C092A47238045C8004C94C7 /* Assets.xcassets in Resources */,
				5C092A44238045C8004C94C7 /* Main.storyboard in Resources */,
				5C092A712380A25D004C94C7 /* RecipeTableViewCell.xib in Resources */,
			);
			runOnlyForDeploymentPostprocessing = 0;
		};
		5C09291A238016EC004C94C7 /* Resources */ = {
			isa = PBXResourcesBuildPhase;
			buildActionMask = 2147483647;
			files = (
				5C092A42238045C8004C94C7 /* LaunchScreen.storyboard in Resources */,
				5C092A48238045C8004C94C7 /* Assets.xcassets in Resources */,
				5C092A45238045C8004C94C7 /* Main.storyboard in Resources */,
				5C092A722380A25D004C94C7 /* RecipeTableViewCell.xib in Resources */,
			);
			runOnlyForDeploymentPostprocessing = 0;
		};
/* End PBXResourcesBuildPhase section */

/* Begin PBXShellScriptBuildPhase section */
		5C0929AB23802A21004C94C7 /* ShellScript */ = {
			isa = PBXShellScriptBuildPhase;
			buildActionMask = 2147483647;
			files = (
			);
			inputFileListPaths = (
			);
			inputPaths = (
				"$(SRCROOT)/Carthage/Build/iOS/Alamofire.framework",
				"$(SRCROOT)/Carthage/Build/iOS/SDWebImage.framework",
			);
			outputFileListPaths = (
			);
			outputPaths = (
			);
			runOnlyForDeploymentPostprocessing = 0;
			shellPath = /bin/sh;
			shellScript = "# Type a script or drag a script file from your workspace to insert its path.\n/usr/local/bin/carthage copy-frameworks\n\n";
		};
		5C092A3923804345004C94C7 /* ShellScript */ = {
			isa = PBXShellScriptBuildPhase;
			buildActionMask = 2147483647;
			files = (
			);
			inputFileListPaths = (
			);
			inputPaths = (
				"$(SRCROOT)/Carthage/Build/iOS/Alamofire.framework",
				"$(SRCROOT)/Carthage/Build/iOS/SDWebImage.framework",
			);
			outputFileListPaths = (
			);
			outputPaths = (
			);
			runOnlyForDeploymentPostprocessing = 0;
			shellPath = /bin/sh;
			shellScript = "# Type a script or drag a script file from your workspace to insert its path.\n/usr/local/bin/carthage copy-frameworks\n";
		};
		5C092A3C238043EA004C94C7 /* ShellScript */ = {
			isa = PBXShellScriptBuildPhase;
			buildActionMask = 2147483647;
			files = (
			);
			inputFileListPaths = (
			);
			inputPaths = (
				"$(SRCROOT)/Carthage/Build/iOS/Alamofire.framework",
				"$(SRCROOT)/Carthage/Build/iOS/SDWebImage.framework",
			);
			outputFileListPaths = (
			);
			outputPaths = (
			);
			runOnlyForDeploymentPostprocessing = 0;
			shellPath = /bin/sh;
			shellScript = "# Type a script or drag a script file from your workspace to insert its path.\n/usr/local/bin/carthage copy-frameworks\n";
		};
/* End PBXShellScriptBuildPhase section */

/* Begin PBXSourcesBuildPhase section */
		5C0928F7238016EA004C94C7 /* Sources */ = {
			isa = PBXSourcesBuildPhase;
			buildActionMask = 2147483647;
			files = (
				5C092A2D23804246004C94C7 /* NetworkManager.swift in Sources */,
				5C092A07238041D2004C94C7 /* EdamamRequest.swift in Sources */,
				5C092903238016EA004C94C7 /* SearchViewController.swift in Sources */,
				5C092A6D2380A25D004C94C7 /* RecipeTableViewCell.swift in Sources */,
				5C092A4A238045E2004C94C7 /* UIColor+Custom.swift in Sources */,
				5C092A63238086E7004C94C7 /* RecipesPresenter.swift in Sources */,
				5C092A2A23804246004C94C7 /* JsonParser.swift in Sources */,
				5C0928FF238016EA004C94C7 /* AppDelegate.swift in Sources */,
				5C092A5B23805E3B004C94C7 /* ResponseProtocol.swift in Sources */,
				5C092A50238046C1004C94C7 /* EdamamSearchResponse.swift in Sources */,
				5C092A2723804246004C94C7 /* DataProviderProtocol.swift in Sources */,
				5C092A20238041E9004C94C7 /* UIViewController+ErrorHandling.swift in Sources */,
				5C092A5F23805EF4004C94C7 /* EdamamRecipe.swift in Sources */,
				5C092A782380AC34004C94C7 /* UIViewController+Loading.swift in Sources */,
				5C092901238016EA004C94C7 /* SceneDelegate.swift in Sources */,
				5C092A0A238041D2004C94C7 /* RequestProtocol.swift in Sources */,
				5C092A67238086F8004C94C7 /* RecipesInteractor.swift in Sources */,
				5C092A3023804246004C94C7 /* NetworkError.swift in Sources */,
				5C092A53238046C1004C94C7 /* RecipeProtocol.swift in Sources */,
			);
			runOnlyForDeploymentPostprocessing = 0;
		};
		5C09290D238016EC004C94C7 /* Sources */ = {
			isa = PBXSourcesBuildPhase;
			buildActionMask = 2147483647;
			files = (
				5C092A21238041E9004C94C7 /* UIViewController+ErrorHandling.swift in Sources */,
				5C092A3123804246004C94C7 /* NetworkError.swift in Sources */,
				5C092A0B238041D2004C94C7 /* RequestProtocol.swift in Sources */,
				5C092A2B23804246004C94C7 /* JsonParser.swift in Sources */,
				5C092A2E23804246004C94C7 /* NetworkManager.swift in Sources */,
				5C092A51238046C1004C94C7 /* EdamamSearchResponse.swift in Sources */,
				5C092A6023805EF4004C94C7 /* EdamamRecipe.swift in Sources */,
				5C092A792380AC34004C94C7 /* UIViewController+Loading.swift in Sources */,
				5C092A08238041D2004C94C7 /* EdamamRequest.swift in Sources */,
				5C092A68238086F8004C94C7 /* RecipesInteractor.swift in Sources */,
				5C092A35238042A3004C94C7 /* NetworkMockingManager.swift in Sources */,
				5C092A2823804246004C94C7 /* DataProviderProtocol.swift in Sources */,
				5C092A54238046C1004C94C7 /* RecipeProtocol.swift in Sources */,
				5C092A4B238045E2004C94C7 /* UIColor+Custom.swift in Sources */,
				5C092A64238086E7004C94C7 /* RecipesPresenter.swift in Sources */,
				5C092A5C23805E3B004C94C7 /* ResponseProtocol.swift in Sources */,
				5C092A6E2380A25D004C94C7 /* RecipeTableViewCell.swift in Sources */,
				5C092916238016EC004C94C7 /* RecipeSearchTests.swift in Sources */,
			);
			runOnlyForDeploymentPostprocessing = 0;
		};
		5C092918238016EC004C94C7 /* Sources */ = {
			isa = PBXSourcesBuildPhase;
			buildActionMask = 2147483647;
			files = (
				5C092A22238041E9004C94C7 /* UIViewController+ErrorHandling.swift in Sources */,
				5C092A69238086F8004C94C7 /* RecipesInteractor.swift in Sources */,
				5C092A3223804246004C94C7 /* NetworkError.swift in Sources */,
				5C092A4C238045E2004C94C7 /* UIColor+Custom.swift in Sources */,
				5C092A7A2380AC34004C94C7 /* UIViewController+Loading.swift in Sources */,
				5C092A0C238041D2004C94C7 /* RequestProtocol.swift in Sources */,
				5C092A65238086E7004C94C7 /* RecipesPresenter.swift in Sources */,
				5C092A2C23804246004C94C7 /* JsonParser.swift in Sources */,
				5C092A6123805EF4004C94C7 /* EdamamRecipe.swift in Sources */,
				5C092A2F23804246004C94C7 /* NetworkManager.swift in Sources */,
				5C092A5D23805E3B004C94C7 /* ResponseProtocol.swift in Sources */,
				5C092A52238046C1004C94C7 /* EdamamSearchResponse.swift in Sources */,
				5C092A09238041D2004C94C7 /* EdamamRequest.swift in Sources */,
				5C092A2923804246004C94C7 /* DataProviderProtocol.swift in Sources */,
				5C092A55238046C1004C94C7 /* RecipeProtocol.swift in Sources */,
				5C092921238016EC004C94C7 /* RecipeSearchUITests.swift in Sources */,
				5C092A6F2380A25D004C94C7 /* RecipeTableViewCell.swift in Sources */,
			);
			runOnlyForDeploymentPostprocessing = 0;
		};
/* End PBXSourcesBuildPhase section */

/* Begin PBXTargetDependency section */
		5C092913238016EC004C94C7 /* PBXTargetDependency */ = {
			isa = PBXTargetDependency;
			target = 5C0928FA238016EA004C94C7 /* RecipeSearch */;
			targetProxy = 5C092912238016EC004C94C7 /* PBXContainerItemProxy */;
		};
		5C09291E238016EC004C94C7 /* PBXTargetDependency */ = {
			isa = PBXTargetDependency;
			target = 5C0928FA238016EA004C94C7 /* RecipeSearch */;
			targetProxy = 5C09291D238016EC004C94C7 /* PBXContainerItemProxy */;
		};
/* End PBXTargetDependency section */

/* Begin XCBuildConfiguration section */
		5C092923238016EC004C94C7 /* Debug */ = {
			isa = XCBuildConfiguration;
			buildSettings = {
				ALWAYS_SEARCH_USER_PATHS = NO;
				CLANG_ANALYZER_NONNULL = YES;
				CLANG_ANALYZER_NUMBER_OBJECT_CONVERSION = YES_AGGRESSIVE;
				CLANG_CXX_LANGUAGE_STANDARD = "gnu++14";
				CLANG_CXX_LIBRARY = "libc++";
				CLANG_ENABLE_MODULES = YES;
				CLANG_ENABLE_OBJC_ARC = YES;
				CLANG_ENABLE_OBJC_WEAK = YES;
				CLANG_WARN_BLOCK_CAPTURE_AUTORELEASING = YES;
				CLANG_WARN_BOOL_CONVERSION = YES;
				CLANG_WARN_COMMA = YES;
				CLANG_WARN_CONSTANT_CONVERSION = YES;
				CLANG_WARN_DEPRECATED_OBJC_IMPLEMENTATIONS = YES;
				CLANG_WARN_DIRECT_OBJC_ISA_USAGE = YES_ERROR;
				CLANG_WARN_DOCUMENTATION_COMMENTS = YES;
				CLANG_WARN_EMPTY_BODY = YES;
				CLANG_WARN_ENUM_CONVERSION = YES;
				CLANG_WARN_INFINITE_RECURSION = YES;
				CLANG_WARN_INT_CONVERSION = YES;
				CLANG_WARN_NON_LITERAL_NULL_CONVERSION = YES;
				CLANG_WARN_OBJC_IMPLICIT_RETAIN_SELF = YES;
				CLANG_WARN_OBJC_LITERAL_CONVERSION = YES;
				CLANG_WARN_OBJC_ROOT_CLASS = YES_ERROR;
				CLANG_WARN_RANGE_LOOP_ANALYSIS = YES;
				CLANG_WARN_STRICT_PROTOTYPES = YES;
				CLANG_WARN_SUSPICIOUS_MOVE = YES;
				CLANG_WARN_UNGUARDED_AVAILABILITY = YES_AGGRESSIVE;
				CLANG_WARN_UNREACHABLE_CODE = YES;
				CLANG_WARN__DUPLICATE_METHOD_MATCH = YES;
				COPY_PHASE_STRIP = NO;
				DEBUG_INFORMATION_FORMAT = dwarf;
				ENABLE_STRICT_OBJC_MSGSEND = YES;
				ENABLE_TESTABILITY = YES;
				GCC_C_LANGUAGE_STANDARD = gnu11;
				GCC_DYNAMIC_NO_PIC = NO;
				GCC_NO_COMMON_BLOCKS = YES;
				GCC_OPTIMIZATION_LEVEL = 0;
				GCC_PREPROCESSOR_DEFINITIONS = (
					"DEBUG=1",
					"$(inherited)",
				);
				GCC_WARN_64_TO_32_BIT_CONVERSION = YES;
				GCC_WARN_ABOUT_RETURN_TYPE = YES_ERROR;
				GCC_WARN_UNDECLARED_SELECTOR = YES;
				GCC_WARN_UNINITIALIZED_AUTOS = YES_AGGRESSIVE;
				GCC_WARN_UNUSED_FUNCTION = YES;
				GCC_WARN_UNUSED_VARIABLE = YES;
				IPHONEOS_DEPLOYMENT_TARGET = 13.1;
				MTL_ENABLE_DEBUG_INFO = INCLUDE_SOURCE;
				MTL_FAST_MATH = YES;
				ONLY_ACTIVE_ARCH = YES;
				SDKROOT = iphoneos;
				SWIFT_ACTIVE_COMPILATION_CONDITIONS = DEBUG;
				SWIFT_OPTIMIZATION_LEVEL = "-Onone";
			};
			name = Debug;
		};
		5C092924238016EC004C94C7 /* Release */ = {
			isa = XCBuildConfiguration;
			buildSettings = {
				ALWAYS_SEARCH_USER_PATHS = NO;
				CLANG_ANALYZER_NONNULL = YES;
				CLANG_ANALYZER_NUMBER_OBJECT_CONVERSION = YES_AGGRESSIVE;
				CLANG_CXX_LANGUAGE_STANDARD = "gnu++14";
				CLANG_CXX_LIBRARY = "libc++";
				CLANG_ENABLE_MODULES = YES;
				CLANG_ENABLE_OBJC_ARC = YES;
				CLANG_ENABLE_OBJC_WEAK = YES;
				CLANG_WARN_BLOCK_CAPTURE_AUTORELEASING = YES;
				CLANG_WARN_BOOL_CONVERSION = YES;
				CLANG_WARN_COMMA = YES;
				CLANG_WARN_CONSTANT_CONVERSION = YES;
				CLANG_WARN_DEPRECATED_OBJC_IMPLEMENTATIONS = YES;
				CLANG_WARN_DIRECT_OBJC_ISA_USAGE = YES_ERROR;
				CLANG_WARN_DOCUMENTATION_COMMENTS = YES;
				CLANG_WARN_EMPTY_BODY = YES;
				CLANG_WARN_ENUM_CONVERSION = YES;
				CLANG_WARN_INFINITE_RECURSION = YES;
				CLANG_WARN_INT_CONVERSION = YES;
				CLANG_WARN_NON_LITERAL_NULL_CONVERSION = YES;
				CLANG_WARN_OBJC_IMPLICIT_RETAIN_SELF = YES;
				CLANG_WARN_OBJC_LITERAL_CONVERSION = YES;
				CLANG_WARN_OBJC_ROOT_CLASS = YES_ERROR;
				CLANG_WARN_RANGE_LOOP_ANALYSIS = YES;
				CLANG_WARN_STRICT_PROTOTYPES = YES;
				CLANG_WARN_SUSPICIOUS_MOVE = YES;
				CLANG_WARN_UNGUARDED_AVAILABILITY = YES_AGGRESSIVE;
				CLANG_WARN_UNREACHABLE_CODE = YES;
				CLANG_WARN__DUPLICATE_METHOD_MATCH = YES;
				COPY_PHASE_STRIP = NO;
				DEBUG_INFORMATION_FORMAT = "dwarf-with-dsym";
				ENABLE_NS_ASSERTIONS = NO;
				ENABLE_STRICT_OBJC_MSGSEND = YES;
				GCC_C_LANGUAGE_STANDARD = gnu11;
				GCC_NO_COMMON_BLOCKS = YES;
				GCC_WARN_64_TO_32_BIT_CONVERSION = YES;
				GCC_WARN_ABOUT_RETURN_TYPE = YES_ERROR;
				GCC_WARN_UNDECLARED_SELECTOR = YES;
				GCC_WARN_UNINITIALIZED_AUTOS = YES_AGGRESSIVE;
				GCC_WARN_UNUSED_FUNCTION = YES;
				GCC_WARN_UNUSED_VARIABLE = YES;
				IPHONEOS_DEPLOYMENT_TARGET = 13.1;
				MTL_ENABLE_DEBUG_INFO = NO;
				MTL_FAST_MATH = YES;
				SDKROOT = iphoneos;
				SWIFT_COMPILATION_MODE = wholemodule;
				SWIFT_OPTIMIZATION_LEVEL = "-O";
				VALIDATE_PRODUCT = YES;
			};
			name = Release;
		};
		5C092926238016EC004C94C7 /* Debug */ = {
			isa = XCBuildConfiguration;
			buildSettings = {
				ASSETCATALOG_COMPILER_APPICON_NAME = AppIcon;
				CODE_SIGN_STYLE = Automatic;
				FRAMEWORK_SEARCH_PATHS = (
					"$(inherited)",
					"$(PROJECT_DIR)/Carthage/Build/iOS",
				);
				INFOPLIST_FILE = RecipeSearch/Info.plist;
				LD_RUNPATH_SEARCH_PATHS = (
					"$(inherited)",
					"@executable_path/Frameworks",
				);
				PRODUCT_BUNDLE_IDENTIFIER = Schibsted.recipeSearch.task.RecipeSearch;
				PRODUCT_NAME = "$(TARGET_NAME)";
				SWIFT_VERSION = 5.0;
				TARGETED_DEVICE_FAMILY = "1,2";
			};
			name = Debug;
		};
		5C092927238016EC004C94C7 /* Release */ = {
			isa = XCBuildConfiguration;
			buildSettings = {
				ASSETCATALOG_COMPILER_APPICON_NAME = AppIcon;
				CODE_SIGN_STYLE = Automatic;
				FRAMEWORK_SEARCH_PATHS = (
					"$(inherited)",
					"$(PROJECT_DIR)/Carthage/Build/iOS",
				);
				INFOPLIST_FILE = RecipeSearch/Info.plist;
				LD_RUNPATH_SEARCH_PATHS = (
					"$(inherited)",
					"@executable_path/Frameworks",
				);
				PRODUCT_BUNDLE_IDENTIFIER = Schibsted.recipeSearch.task.RecipeSearch;
				PRODUCT_NAME = "$(TARGET_NAME)";
				SWIFT_VERSION = 5.0;
				TARGETED_DEVICE_FAMILY = "1,2";
			};
			name = Release;
		};
		5C092929238016EC004C94C7 /* Debug */ = {
			isa = XCBuildConfiguration;
			buildSettings = {
				ALWAYS_EMBED_SWIFT_STANDARD_LIBRARIES = YES;
				BUNDLE_LOADER = "$(TEST_HOST)";
				CODE_SIGN_STYLE = Automatic;
				FRAMEWORK_SEARCH_PATHS = (
					"$(inherited)",
					"$(PROJECT_DIR)/Carthage/Build/iOS",
				);
				INFOPLIST_FILE = RecipeSearchTests/Info.plist;
				IPHONEOS_DEPLOYMENT_TARGET = 13.1;
				LD_RUNPATH_SEARCH_PATHS = (
					"$(inherited)",
					"@executable_path/Frameworks",
					"@loader_path/Frameworks",
				);
				PRODUCT_BUNDLE_IDENTIFIER = Schibsted.recipeSearch.task.RecipeSearchTests;
				PRODUCT_NAME = "$(TARGET_NAME)";
				SWIFT_VERSION = 5.0;
				TARGETED_DEVICE_FAMILY = "1,2";
				TEST_HOST = "$(BUILT_PRODUCTS_DIR)/RecipeSearch.app/RecipeSearch";
			};
			name = Debug;
		};
		5C09292A238016EC004C94C7 /* Release */ = {
			isa = XCBuildConfiguration;
			buildSettings = {
				ALWAYS_EMBED_SWIFT_STANDARD_LIBRARIES = YES;
				BUNDLE_LOADER = "$(TEST_HOST)";
				CODE_SIGN_STYLE = Automatic;
				FRAMEWORK_SEARCH_PATHS = (
					"$(inherited)",
					"$(PROJECT_DIR)/Carthage/Build/iOS",
				);
				INFOPLIST_FILE = RecipeSearchTests/Info.plist;
				IPHONEOS_DEPLOYMENT_TARGET = 13.1;
				LD_RUNPATH_SEARCH_PATHS = (
					"$(inherited)",
					"@executable_path/Frameworks",
					"@loader_path/Frameworks",
				);
				PRODUCT_BUNDLE_IDENTIFIER = Schibsted.recipeSearch.task.RecipeSearchTests;
				PRODUCT_NAME = "$(TARGET_NAME)";
				SWIFT_VERSION = 5.0;
				TARGETED_DEVICE_FAMILY = "1,2";
				TEST_HOST = "$(BUILT_PRODUCTS_DIR)/RecipeSearch.app/RecipeSearch";
			};
			name = Release;
		};
		5C09292C238016EC004C94C7 /* Debug */ = {
			isa = XCBuildConfiguration;
			buildSettings = {
				ALWAYS_EMBED_SWIFT_STANDARD_LIBRARIES = YES;
				CODE_SIGN_STYLE = Automatic;
				FRAMEWORK_SEARCH_PATHS = (
					"$(inherited)",
					"$(PROJECT_DIR)/Carthage/Build/iOS",
				);
				INFOPLIST_FILE = RecipeSearchUITests/Info.plist;
				LD_RUNPATH_SEARCH_PATHS = (
					"$(inherited)",
					"@executable_path/Frameworks",
					"@loader_path/Frameworks",
				);
				PRODUCT_BUNDLE_IDENTIFIER = Schibsted.recipeSearch.task.RecipeSearchUITests;
				PRODUCT_NAME = "$(TARGET_NAME)";
				SWIFT_VERSION = 5.0;
				TARGETED_DEVICE_FAMILY = "1,2";
				TEST_TARGET_NAME = RecipeSearch;
			};
			name = Debug;
		};
		5C09292D238016EC004C94C7 /* Release */ = {
			isa = XCBuildConfiguration;
			buildSettings = {
				ALWAYS_EMBED_SWIFT_STANDARD_LIBRARIES = YES;
				CODE_SIGN_STYLE = Automatic;
				FRAMEWORK_SEARCH_PATHS = (
					"$(inherited)",
					"$(PROJECT_DIR)/Carthage/Build/iOS",
				);
				INFOPLIST_FILE = RecipeSearchUITests/Info.plist;
				LD_RUNPATH_SEARCH_PATHS = (
					"$(inherited)",
					"@executable_path/Frameworks",
					"@loader_path/Frameworks",
				);
				PRODUCT_BUNDLE_IDENTIFIER = Schibsted.recipeSearch.task.RecipeSearchUITests;
				PRODUCT_NAME = "$(TARGET_NAME)";
				SWIFT_VERSION = 5.0;
				TARGETED_DEVICE_FAMILY = "1,2";
				TEST_TARGET_NAME = RecipeSearch;
			};
			name = Release;
		};
/* End XCBuildConfiguration section */

/* Begin XCConfigurationList section */
		5C0928F6238016EA004C94C7 /* Build configuration list for PBXProject "RecipeSearch" */ = {
			isa = XCConfigurationList;
			buildConfigurations = (
				5C092923238016EC004C94C7 /* Debug */,
				5C092924238016EC004C94C7 /* Release */,
			);
			defaultConfigurationIsVisible = 0;
			defaultConfigurationName = Release;
		};
		5C092925238016EC004C94C7 /* Build configuration list for PBXNativeTarget "RecipeSearch" */ = {
			isa = XCConfigurationList;
			buildConfigurations = (
				5C092926238016EC004C94C7 /* Debug */,
				5C092927238016EC004C94C7 /* Release */,
			);
			defaultConfigurationIsVisible = 0;
			defaultConfigurationName = Release;
		};
		5C092928238016EC004C94C7 /* Build configuration list for PBXNativeTarget "RecipeSearchTests" */ = {
			isa = XCConfigurationList;
			buildConfigurations = (
				5C092929238016EC004C94C7 /* Debug */,
				5C09292A238016EC004C94C7 /* Release */,
			);
			defaultConfigurationIsVisible = 0;
			defaultConfigurationName = Release;
		};
		5C09292B238016EC004C94C7 /* Build configuration list for PBXNativeTarget "RecipeSearchUITests" */ = {
			isa = XCConfigurationList;
			buildConfigurations = (
				5C09292C238016EC004C94C7 /* Debug */,
				5C09292D238016EC004C94C7 /* Release */,
			);
			defaultConfigurationIsVisible = 0;
			defaultConfigurationName = Release;
		};
/* End XCConfigurationList section */
	};
	rootObject = 5C0928F3238016EA004C94C7 /* Project object */;
}
